{
  "name": "JStasks",
  "version": "1.0.0",
  "lockfileVersion": 1,
  "requires": true,
  "dependencies": {
    "flow-bin": {
      "version": "0.158.0",
      "resolved": "https://artifactory.viaplay.cloud/artifactory/api/npm/mtg-npm-virtual/flow-bin/-/flow-bin-0.158.0.tgz",
      "integrity": "sha1-Cgl2PUHrjscTXO1qO5+Po3Cjk9g=",
      "dev": true
    }
  }
}
