{
  "name": "JStasks",
  "version": "1.0.0",
  "lockfileVersion": 2,
  "requires": true,
  "packages": {
    "": {
      "name": "JStasks",
      "version": "1.0.0",
      "license": "ISC",
      "dependencies": {
        "lodash": "^4.17.21"
      },
      "devDependencies": {
        "flow-bin": "^0.158.0"
      }
    },
    "node_modules/flow-bin": {
      "version": "0.158.0",
      "resolved": "https://registry.npmjs.org/flow-bin/-/flow-bin-0.158.0.tgz",
      "integrity": "sha512-Gk5md8XTwk/M+J5M+rFyS1LJfFen6ldY60jM9+meWixlKf4b0vwdoUO8R7oo471pze+GY+blrnskUeqLDxFJfg==",
      "dev": true,
      "bin": {
        "flow": "cli.js"
      },
      "engines": {
        "node": ">=0.10.0"
      }
    },
    "node_modules/lodash": {
      "version": "4.17.21",
      "resolved": "https://registry.npmjs.org/lodash/-/lodash-4.17.21.tgz",
      "integrity": "sha512-v2kDEe57lecTulaDIuNTPy3Ry4gLGJ6Z1O3vE1krgXZNrsQ+LFTGHVxVjcXPs17LhbZVGedAJv8XZ1tvj5FvSg=="
    }
  },
  "dependencies": {
    "flow-bin": {
      "version": "0.158.0",
      "resolved": "https://registry.npmjs.org/flow-bin/-/flow-bin-0.158.0.tgz",
      "integrity": "sha512-Gk5md8XTwk/M+J5M+rFyS1LJfFen6ldY60jM9+meWixlKf4b0vwdoUO8R7oo471pze+GY+blrnskUeqLDxFJfg==",
      "dev": true
    },
    "lodash": {
      "version": "4.17.21",
      "resolved": "https://registry.npmjs.org/lodash/-/lodash-4.17.21.tgz",
      "integrity": "sha512-v2kDEe57lecTulaDIuNTPy3Ry4gLGJ6Z1O3vE1krgXZNrsQ+LFTGHVxVjcXPs17LhbZVGedAJv8XZ1tvj5FvSg=="
    }
  }
}
